
Microsoft Visual Studio Solution File, Format Version 12.00
# Visual Studio Version 16
VisualStudioVersion = 16.0.29806.167
MinimumVisualStudioVersion = 10.0.40219.1
Project("{FAE04EC0-301F-11D3-BF4B-00C04F79EFBC}") = "VirusSuck", "VirusSuck\VirusSuck.csproj", "{F8ECFA19-F166-44DA-90C9-017A6DED28FD}"
EndProject
Global
	GlobalSection(SolutionConfigurationPlatforms) = preSolution
		Debug|Any CPU = Debug|Any CPU
		Release|Any CPU = Release|Any CPU
	EndGlobalSection
	GlobalSection(ProjectConfigurationPlatforms) = postSolution
		{F8ECFA19-F166-44DA-90C9-017A6DED28FD}.Debug|Any CPU.ActiveCfg = Debug|Any CPU
		{F8ECFA19-F166-44DA-90C9-017A6DED28FD}.Debug|Any CPU.Build.0 = Debug|Any CPU
		{F8ECFA19-F166-44DA-90C9-017A6DED28FD}.Release|Any CPU.ActiveCfg = Release|Any CPU
		{F8ECFA19-F166-44DA-90C9-017A6DED28FD}.Release|Any CPU.Build.0 = Release|Any CPU
	EndGlobalSection
	GlobalSection(SolutionProperties) = preSolution
		HideSolutionNode = FALSE
	EndGlobalSection
	GlobalSection(ExtensibilityGlobals) = postSolution
		SolutionGuid = {4039D10B-A83B-4494-8D60-DB60DB4BC7C9}
	EndGlobalSection
EndGlobal
